// !$*UTF8*$!
{
	archiveVersion = 1;
	classes = {
	};
	objectVersion = 46;
	objects = {

/* Begin PBXBuildFile section */
		C58F84DA1C5541C500398586 /* LabelExtender.swift in Sources */ = {isa = PBXBuildFile; fileRef = C58F84D91C5541C500398586 /* LabelExtender.swift */; };
		C58F84DC1C5581C800398586 /* PokemonDetailViewController.swift in Sources */ = {isa = PBXBuildFile; fileRef = C58F84DB1C5581C800398586 /* PokemonDetailViewController.swift */; };
		C58F84DE1C566BF200398586 /* Constants.swift in Sources */ = {isa = PBXBuildFile; fileRef = C58F84DD1C566BF200398586 /* Constants.swift */; };
		C5B79C881C5446F000F565BD /* AppDelegate.swift in Sources */ = {isa = PBXBuildFile; fileRef = C5B79C871C5446F000F565BD /* AppDelegate.swift */; };
		C5B79C8A1C5446F000F565BD /* ViewController.swift in Sources */ = {isa = PBXBuildFile; fileRef = C5B79C891C5446F000F565BD /* ViewController.swift */; };
		C5B79C8D1C5446F000F565BD /* Main.storyboard in Resources */ = {isa = PBXBuildFile; fileRef = C5B79C8B1C5446F000F565BD /* Main.storyboard */; };
		C5B79C8F1C5446F000F565BD /* Assets.xcassets in Resources */ = {isa = PBXBuildFile; fileRef = C5B79C8E1C5446F000F565BD /* Assets.xcassets */; };
		C5B79C921C5446F000F565BD /* LaunchScreen.storyboard in Resources */ = {isa = PBXBuildFile; fileRef = C5B79C901C5446F000F565BD /* LaunchScreen.storyboard */; };
		C5B79C9D1C54677700F565BD /* Pokemon.swift in Sources */ = {isa = PBXBuildFile; fileRef = C5B79C9C1C54677700F565BD /* Pokemon.swift */; };
		C5B79C9F1C546A5300F565BD /* music.mp3 in Resources */ = {isa = PBXBuildFile; fileRef = C5B79C9E1C546A5300F565BD /* music.mp3 */; };
		C5B79CA21C546DFB00F565BD /* PokeCell.swift in Sources */ = {isa = PBXBuildFile; fileRef = C5B79CA11C546DFB00F565BD /* PokeCell.swift */; };
		C5B79CAB1C54ABB700F565BD /* csv.swift in Sources */ = {isa = PBXBuildFile; fileRef = C5B79CAA1C54ABB700F565BD /* csv.swift */; };
		C5B79CAD1C54AC6B00F565BD /* pokemon.csv in Resources */ = {isa = PBXBuildFile; fileRef = C5B79CAC1C54AC6B00F565BD /* pokemon.csv */; };
		C5B79CB11C553F5E00F565BD /* PokemonSolid.ttf in Resources */ = {isa = PBXBuildFile; fileRef = C5B79CAF1C553F5E00F565BD /* PokemonSolid.ttf */; };
/* End PBXBuildFile section */

/* Begin PBXFileReference section */
		C58F84D91C5541C500398586 /* LabelExtender.swift */ = {isa = PBXFileReference; fileEncoding = 4; lastKnownFileType = sourcecode.swift; path = LabelExtender.swift; sourceTree = "<group>"; };
		C58F84DB1C5581C800398586 /* PokemonDetailViewController.swift */ = {isa = PBXFileReference; fileEncoding = 4; lastKnownFileType = sourcecode.swift; path = PokemonDetailViewController.swift; sourceTree = "<group>"; };
		C58F84DD1C566BF200398586 /* Constants.swift */ = {isa = PBXFileReference; fileEncoding = 4; lastKnownFileType = sourcecode.swift; path = Constants.swift; sourceTree = "<group>"; };
		C5B79C841C5446F000F565BD /* Pokedex.app */ = {isa = PBXFileReference; explicitFileType = wrapper.application; includeInIndex = 0; path = Pokedex.app; sourceTree = BUILT_PRODUCTS_DIR; };
		C5B79C871C5446F000F565BD /* AppDelegate.swift */ = {isa = PBXFileReference; lastKnownFileType = sourcecode.swift; path = AppDelegate.swift; sourceTree = "<group>"; };
		C5B79C891C5446F000F565BD /* ViewController.swift */ = {isa = PBXFileReference; lastKnownFileType = sourcecode.swift; path = ViewController.swift; sourceTree = "<group>"; };
		C5B79C8C1C5446F000F565BD /* Base */ = {isa = PBXFileReference; lastKnownFileType = file.storyboard; name = Base; path = Base.lproj/Main.storyboard; sourceTree = "<group>"; };
		C5B79C8E1C5446F000F565BD /* Assets.xcassets */ = {isa = PBXFileReference; lastKnownFileType = folder.assetcatalog; path = Assets.xcassets; sourceTree = "<group>"; };
		C5B79C911C5446F000F565BD /* Base */ = {isa = PBXFileReference; lastKnownFileType = file.storyboard; name = Base; path = Base.lproj/LaunchScreen.storyboard; sourceTree = "<group>"; };
		C5B79C931C5446F000F565BD /* Info.plist */ = {isa = PBXFileReference; lastKnownFileType = text.plist.xml; path = Info.plist; sourceTree = "<group>"; };
		C5B79C9C1C54677700F565BD /* Pokemon.swift */ = {isa = PBXFileReference; fileEncoding = 4; lastKnownFileType = sourcecode.swift; path = Pokemon.swift; sourceTree = "<group>"; };
		C5B79C9E1C546A5300F565BD /* music.mp3 */ = {isa = PBXFileReference; lastKnownFileType = audio.mp3; path = music.mp3; sourceTree = "<group>"; };
		C5B79CA11C546DFB00F565BD /* PokeCell.swift */ = {isa = PBXFileReference; fileEncoding = 4; lastKnownFileType = sourcecode.swift; path = PokeCell.swift; sourceTree = "<group>"; };
		C5B79CAA1C54ABB700F565BD /* csv.swift */ = {isa = PBXFileReference; fileEncoding = 4; lastKnownFileType = sourcecode.swift; path = csv.swift; sourceTree = "<group>"; };
		C5B79CAC1C54AC6B00F565BD /* pokemon.csv */ = {isa = PBXFileReference; fileEncoding = 4; lastKnownFileType = text; path = pokemon.csv; sourceTree = "<group>"; };
		C5B79CAF1C553F5E00F565BD /* PokemonSolid.ttf */ = {isa = PBXFileReference; lastKnownFileType = file; path = PokemonSolid.ttf; sourceTree = "<group>"; };
/* End PBXFileReference section */

/* Begin PBXFrameworksBuildPhase section */
		C5B79C811C5446F000F565BD /* Frameworks */ = {
			isa = PBXFrameworksBuildPhase;
			buildActionMask = 2147483647;
			files = (
			);
			runOnlyForDeploymentPostprocessing = 0;
		};
/* End PBXFrameworksBuildPhase section */

/* Begin PBXGroup section */
		C5B79C7B1C5446F000F565BD = {
			isa = PBXGroup;
			children = (
				C5B79C861C5446F000F565BD /* Pokedex */,
				C5B79C851C5446F000F565BD /* Products */,
			);
			sourceTree = "<group>";
		};
		C5B79C851C5446F000F565BD /* Products */ = {
			isa = PBXGroup;
			children = (
				C5B79C841C5446F000F565BD /* Pokedex.app */,
			);
			name = Products;
			sourceTree = "<group>";
		};
		C5B79C861C5446F000F565BD /* Pokedex */ = {
			isa = PBXGroup;
			children = (
				C5B79C9B1C54675700F565BD /* Model */,
				C5B79CA01C546DCD00F565BD /* View */,
				C5B79CA81C54A64D00F565BD /* Controller */,
				C5B79CA91C54A66400F565BD /* Resources */,
				C5B79CA71C54A63F00F565BD /* Utilities */,
				C5B79C871C5446F000F565BD /* AppDelegate.swift */,
				C5B79C8B1C5446F000F565BD /* Main.storyboard */,
				C5B79C8E1C5446F000F565BD /* Assets.xcassets */,
				C5B79C901C5446F000F565BD /* LaunchScreen.storyboard */,
				C5B79C9E1C546A5300F565BD /* music.mp3 */,
				C5B79C931C5446F000F565BD /* Info.plist */,
			);
			path = Pokedex;
			sourceTree = "<group>";
		};
		C5B79C9B1C54675700F565BD /* Model */ = {
			isa = PBXGroup;
			children = (
				C5B79C9C1C54677700F565BD /* Pokemon.swift */,
			);
			name = Model;
			sourceTree = "<group>";
		};
		C5B79CA01C546DCD00F565BD /* View */ = {
			isa = PBXGroup;
			children = (
				C5B79CA11C546DFB00F565BD /* PokeCell.swift */,
				C58F84D91C5541C500398586 /* LabelExtender.swift */,
			);
			name = View;
			sourceTree = "<group>";
		};
		C5B79CA71C54A63F00F565BD /* Utilities */ = {
			isa = PBXGroup;
			children = (
				C5B79CAA1C54ABB700F565BD /* csv.swift */,
				C58F84DD1C566BF200398586 /* Constants.swift */,
			);
			name = Utilities;
			sourceTree = "<group>";
		};
		C5B79CA81C54A64D00F565BD /* Controller */ = {
			isa = PBXGroup;
			children = (
				C5B79C891C5446F000F565BD /* ViewController.swift */,
				C58F84DB1C5581C800398586 /* PokemonDetailViewController.swift */,
			);
			name = Controller;
			sourceTree = "<group>";
		};
		C5B79CA91C54A66400F565BD /* Resources */ = {
			isa = PBXGroup;
			children = (
				C5B79CAF1C553F5E00F565BD /* PokemonSolid.ttf */,
				C5B79CAC1C54AC6B00F565BD /* pokemon.csv */,
			);
			name = Resources;
			sourceTree = "<group>";
		};
/* End PBXGroup section */

/* Begin PBXNativeTarget section */
		C5B79C831C5446F000F565BD /* Pokedex */ = {
			isa = PBXNativeTarget;
			buildConfigurationList = C5B79C961C5446F000F565BD /* Build configuration list for PBXNativeTarget "Pokedex" */;
			buildPhases = (
				C5B79C801C5446F000F565BD /* Sources */,
				C5B79C811C5446F000F565BD /* Frameworks */,
				C5B79C821C5446F000F565BD /* Resources */,
			);
			buildRules = (
			);
			dependencies = (
			);
			name = Pokedex;
			productName = Pokedex;
			productReference = C5B79C841C5446F000F565BD /* Pokedex.app */;
			productType = "com.apple.product-type.application";
		};
/* End PBXNativeTarget section */

/* Begin PBXProject section */
		C5B79C7C1C5446F000F565BD /* Project object */ = {
			isa = PBXProject;
			attributes = {
				LastSwiftUpdateCheck = 0720;
				LastUpgradeCheck = 0720;
				ORGANIZATIONNAME = GetRunGo;
				TargetAttributes = {
					C5B79C831C5446F000F565BD = {
						CreatedOnToolsVersion = 7.2;
						DevelopmentTeam = 6BWKDGAU39;
					};
				};
			};
			buildConfigurationList = C5B79C7F1C5446F000F565BD /* Build configuration list for PBXProject "Pokedex" */;
			compatibilityVersion = "Xcode 3.2";
			developmentRegion = English;
			hasScannedForEncodings = 0;
			knownRegions = (
				en,
				Base,
			);
			mainGroup = C5B79C7B1C5446F000F565BD;
			productRefGroup = C5B79C851C5446F000F565BD /* Products */;
			projectDirPath = "";
			projectRoot = "";
			targets = (
				C5B79C831C5446F000F565BD /* Pokedex */,
			);
		};
/* End PBXProject section */

/* Begin PBXResourcesBuildPhase section */
		C5B79C821C5446F000F565BD /* Resources */ = {
			isa = PBXResourcesBuildPhase;
			buildActionMask = 2147483647;
			files = (
				C5B79C9F1C546A5300F565BD /* music.mp3 in Resources */,
				C5B79C921C5446F000F565BD /* LaunchScreen.storyboard in Resources */,
				C5B79C8F1C5446F000F565BD /* Assets.xcassets in Resources */,
				C5B79C8D1C5446F000F565BD /* Main.storyboard in Resources */,
				C5B79CAD1C54AC6B00F565BD /* pokemon.csv in Resources */,
				C5B79CB11C553F5E00F565BD /* PokemonSolid.ttf in Resources */,
			);
			runOnlyForDeploymentPostprocessing = 0;
		};
/* End PBXResourcesBuildPhase section */

/* Begin PBXSourcesBuildPhase section */
		C5B79C801C5446F000F565BD /* Sources */ = {
			isa = PBXSourcesBuildPhase;
			buildActionMask = 2147483647;
			files = (
				C5B79CAB1C54ABB700F565BD /* csv.swift in Sources */,
				C58F84DA1C5541C500398586 /* LabelExtender.swift in Sources */,
				C58F84DC1C5581C800398586 /* PokemonDetailViewController.swift in Sources */,
				C5B79CA21C546DFB00F565BD /* PokeCell.swift in Sources */,
				C5B79C8A1C5446F000F565BD /* ViewController.swift in Sources */,
				C5B79C881C5446F000F565BD /* AppDelegate.swift in Sources */,
				C5B79C9D1C54677700F565BD /* Pokemon.swift in Sources */,
				C58F84DE1C566BF200398586 /* Constants.swift in Sources */,
			);
			runOnlyForDeploymentPostprocessing = 0;
		};
/* End PBXSourcesBuildPhase section */

/* Begin PBXVariantGroup section */
		C5B79C8B1C5446F000F565BD /* Main.storyboard */ = {
			isa = PBXVariantGroup;
			children = (
				C5B79C8C1C5446F000F565BD /* Base */,
			);
			name = Main.storyboard;
			sourceTree = "<group>";
		};
		C5B79C901C5446F000F565BD /* LaunchScreen.storyboard */ = {
			isa = PBXVariantGroup;
			children = (
				C5B79C911C5446F000F565BD /* Base */,
			);
			name = LaunchScreen.storyboard;
			sourceTree = "<group>";
		};
/* End PBXVariantGroup section */

/* Begin XCBuildConfiguration section */
		C5B79C941C5446F000F565BD /* Debug */ = {
			isa = XCBuildConfiguration;
			buildSettings = {
				ALWAYS_SEARCH_USER_PATHS = NO;
				CLANG_CXX_LANGUAGE_STANDARD = "gnu++0x";
				CLANG_CXX_LIBRARY = "libc++";
				CLANG_ENABLE_MODULES = YES;
				CLANG_ENABLE_OBJC_ARC = YES;
				CLANG_WARN_BOOL_CONVERSION = YES;
				CLANG_WARN_CONSTANT_CONVERSION = YES;
				CLANG_WARN_DIRECT_OBJC_ISA_USAGE = YES_ERROR;
				CLANG_WARN_EMPTY_BODY = YES;
				CLANG_WARN_ENUM_CONVERSION = YES;
				CLANG_WARN_INT_CONVERSION = YES;
				CLANG_WARN_OBJC_ROOT_CLASS = YES_ERROR;
				CLANG_WARN_UNREACHABLE_CODE = YES;
				CLANG_WARN__DUPLICATE_METHOD_MATCH = YES;
				"CODE_SIGN_IDENTITY[sdk=iphoneos*]" = "iPhone Developer";
				COPY_PHASE_STRIP = NO;
				DEBUG_INFORMATION_FORMAT = dwarf;
				ENABLE_STRICT_OBJC_MSGSEND = YES;
				ENABLE_TESTABILITY = YES;
				GCC_C_LANGUAGE_STANDARD = gnu99;
				GCC_DYNAMIC_NO_PIC = NO;
				GCC_NO_COMMON_BLOCKS = YES;
				GCC_OPTIMIZATION_LEVEL = 0;
				GCC_PREPROCESSOR_DEFINITIONS = (
					"DEBUG=1",
					"$(inherited)",
				);
				GCC_WARN_64_TO_32_BIT_CONVERSION = YES;
				GCC_WARN_ABOUT_RETURN_TYPE = YES_ERROR;
				GCC_WARN_UNDECLARED_SELECTOR = YES;
				GCC_WARN_UNINITIALIZED_AUTOS = YES_AGGRESSIVE;
				GCC_WARN_UNUSED_FUNCTION = YES;
				GCC_WARN_UNUSED_VARIABLE = YES;
				IPHONEOS_DEPLOYMENT_TARGET = 9.2;
				MTL_ENABLE_DEBUG_INFO = YES;
				ONLY_ACTIVE_ARCH = YES;
				SDKROOT = iphoneos;
				SWIFT_OPTIMIZATION_LEVEL = "-Onone";
				TARGETED_DEVICE_FAMILY = "1,2";
			};
			name = Debug;
		};
		C5B79C951C5446F000F565BD /* Release */ = {
			isa = XCBuildConfiguration;
			buildSettings = {
				ALWAYS_SEARCH_USER_PATHS = NO;
				CLANG_CXX_LANGUAGE_STANDARD = "gnu++0x";
				CLANG_CXX_LIBRARY = "libc++";
				CLANG_ENABLE_MODULES = YES;
				CLANG_ENABLE_OBJC_ARC = YES;
				CLANG_WARN_BOOL_CONVERSION = YES;
				CLANG_WARN_CONSTANT_CONVERSION = YES;
				CLANG_WARN_DIRECT_OBJC_ISA_USAGE = YES_ERROR;
				CLANG_WARN_EMPTY_BODY = YES;
				CLANG_WARN_ENUM_CONVERSION = YES;
				CLANG_WARN_INT_CONVERSION = YES;
				CLANG_WARN_OBJC_ROOT_CLASS = YES_ERROR;
				CLANG_WARN_UNREACHABLE_CODE = YES;
				CLANG_WARN__DUPLICATE_METHOD_MATCH = YES;
				"CODE_SIGN_IDENTITY[sdk=iphoneos*]" = "iPhone Developer";
				COPY_PHASE_STRIP = NO;
				DEBUG_INFORMATION_FORMAT = "dwarf-with-dsym";
				ENABLE_NS_ASSERTIONS = NO;
				ENABLE_STRICT_OBJC_MSGSEND = YES;
				GCC_C_LANGUAGE_STANDARD = gnu99;
				GCC_NO_COMMON_BLOCKS = YES;
				GCC_WARN_64_TO_32_BIT_CONVERSION = YES;
				GCC_WARN_ABOUT_RETURN_TYPE = YES_ERROR;
				GCC_WARN_UNDECLARED_SELECTOR = YES;
				GCC_WARN_UNINITIALIZED_AUTOS = YES_AGGRESSIVE;
				GCC_WARN_UNUSED_FUNCTION = YES;
				GCC_WARN_UNUSED_VARIABLE = YES;
				IPHONEOS_DEPLOYMENT_TARGET = 9.2;
				MTL_ENABLE_DEBUG_INFO = NO;
				SDKROOT = iphoneos;
				TARGETED_DEVICE_FAMILY = "1,2";
				VALIDATE_PRODUCT = YES;
			};
			name = Release;
		};
		C5B79C971C5446F000F565BD /* Debug */ = {
			isa = XCBuildConfiguration;
			buildSettings = {
				ASSETCATALOG_COMPILER_APPICON_NAME = AppIcon;
				INFOPLIST_FILE = Pokedex/Info.plist;
				LD_RUNPATH_SEARCH_PATHS = "$(inherited) @executable_path/Frameworks";
				PRODUCT_BUNDLE_IDENTIFIER = com.GetRunGo.Pokedex;
				PRODUCT_NAME = "$(TARGET_NAME)";
			};
			name = Debug;
		};
		C5B79C981C5446F000F565BD /* Release */ = {
			isa = XCBuildConfiguration;
			buildSettings = {
				ASSETCATALOG_COMPILER_APPICON_NAME = AppIcon;
				INFOPLIST_FILE = Pokedex/Info.plist;
				LD_RUNPATH_SEARCH_PATHS = "$(inherited) @executable_path/Frameworks";
				PRODUCT_BUNDLE_IDENTIFIER = com.GetRunGo.Pokedex;
				PRODUCT_NAME = "$(TARGET_NAME)";
			};
			name = Release;
		};
/* End XCBuildConfiguration section */

/* Begin XCConfigurationList section */
		C5B79C7F1C5446F000F565BD /* Build configuration list for PBXProject "Pokedex" */ = {
			isa = XCConfigurationList;
			buildConfigurations = (
				C5B79C941C5446F000F565BD /* Debug */,
				C5B79C951C5446F000F565BD /* Release */,
			);
			defaultConfigurationIsVisible = 0;
			defaultConfigurationName = Release;
		};
		C5B79C961C5446F000F565BD /* Build configuration list for PBXNativeTarget "Pokedex" */ = {
			isa = XCConfigurationList;
			buildConfigurations = (
				C5B79C971C5446F000F565BD /* Debug */,
				C5B79C981C5446F000F565BD /* Release */,
			);
			defaultConfigurationIsVisible = 0;
			defaultConfigurationName = Release;
		};
/* End XCConfigurationList section */
	};
	rootObject = C5B79C7C1C5446F000F565BD /* Project object */;
}
